
Microsoft Visual Studio Solution File, Format Version 12.00
# Visual Studio Version 17
VisualStudioVersion = 17.7.34009.444
MinimumVisualStudioVersion = 10.0.40219.1
Project("{FAE04EC0-301F-11D3-BF4B-00C04F79EFBC}") = "Notification", "Notification\Notification.csproj", "{2088B545-A239-4FF9-8F66-B9E7E391D53B}"
EndProject
Project("{FAE04EC0-301F-11D3-BF4B-00C04F79EFBC}") = "Notification.App", "Notification.App\Notification.App.csproj", "{6BD36CD8-046E-47A0-976A-81D18E69FC47}"
EndProject
Project("{FAE04EC0-301F-11D3-BF4B-00C04F79EFBC}") = "Notification.Application", "Notification.Application\Notification.Application.csproj", "{9C8A6A08-180E-4D5C-9B6E-FAB8CCD5ABA1}"
EndProject
Global
	GlobalSection(SolutionConfigurationPlatforms) = preSolution
		Debug|Any CPU = Debug|Any CPU
		Release|Any CPU = Release|Any CPU
	EndGlobalSection
	GlobalSection(ProjectConfigurationPlatforms) = postSolution
		{2088B545-A239-4FF9-8F66-B9E7E391D53B}.Debug|Any CPU.ActiveCfg = Debug|Any CPU
		{2088B545-A239-4FF9-8F66-B9E7E391D53B}.Debug|Any CPU.Build.0 = Debug|Any CPU
		{2088B545-A239-4FF9-8F66-B9E7E391D53B}.Release|Any CPU.ActiveCfg = Release|Any CPU
		{2088B545-A239-4FF9-8F66-B9E7E391D53B}.Release|Any CPU.Build.0 = Release|Any CPU
		{6BD36CD8-046E-47A0-976A-81D18E69FC47}.Debug|Any CPU.ActiveCfg = Debug|Any CPU
		{6BD36CD8-046E-47A0-976A-81D18E69FC47}.Debug|Any CPU.Build.0 = Debug|Any CPU
		{6BD36CD8-046E-47A0-976A-81D18E69FC47}.Release|Any CPU.ActiveCfg = Release|Any CPU
		{6BD36CD8-046E-47A0-976A-81D18E69FC47}.Release|Any CPU.Build.0 = Release|Any CPU
		{9C8A6A08-180E-4D5C-9B6E-FAB8CCD5ABA1}.Debug|Any CPU.ActiveCfg = Debug|Any CPU
		{9C8A6A08-180E-4D5C-9B6E-FAB8CCD5ABA1}.Debug|Any CPU.Build.0 = Debug|Any CPU
		{9C8A6A08-180E-4D5C-9B6E-FAB8CCD5ABA1}.Release|Any CPU.ActiveCfg = Release|Any CPU
		{9C8A6A08-180E-4D5C-9B6E-FAB8CCD5ABA1}.Release|Any CPU.Build.0 = Release|Any CPU
	EndGlobalSection
	GlobalSection(SolutionProperties) = preSolution
		HideSolutionNode = FALSE
	EndGlobalSection
	GlobalSection(ExtensibilityGlobals) = postSolution
		SolutionGuid = {FE8652D1-99AF-404D-8F06-5D359C01872C}
	EndGlobalSection
EndGlobal
